// !$*UTF8*$!
{
	archiveVersion = 1;
	classes = {
	};
	objectVersion = 50;
	objects = {

/* Begin PBXBuildFile section */
		26DA0C9122F2DA4F00C066BC /* AppDelegate.m in Sources */ = {isa = PBXBuildFile; fileRef = 26DA0C9022F2DA4F00C066BC /* AppDelegate.m */; };
		26DA0C9722F2DA5000C066BC /* Main.storyboard in Resources */ = {isa = PBXBuildFile; fileRef = 26DA0C9522F2DA5000C066BC /* Main.storyboard */; };
		26DA0C9922F2DA5F00C066BC /* Assets.xcassets in Resources */ = {isa = PBXBuildFile; fileRef = 26DA0C9822F2DA5F00C066BC /* Assets.xcassets */; };
		26DA0C9C22F2DA5F00C066BC /* LaunchScreen.storyboard in Resources */ = {isa = PBXBuildFile; fileRef = 26DA0C9A22F2DA5F00C066BC /* LaunchScreen.storyboard */; };
		26DA0C9F22F2DA5F00C066BC /* main.m in Sources */ = {isa = PBXBuildFile; fileRef = 26DA0C9E22F2DA5F00C066BC /* main.m */; };
		26DA0CB022F2E6C100C066BC /* Book.m in Sources */ = {isa = PBXBuildFile; fileRef = 26DA0CAF22F2E6C100C066BC /* Book.m */; };
		26DA0CB322F2E87700C066BC /* Person.m in Sources */ = {isa = PBXBuildFile; fileRef = 26DA0CB222F2E87700C066BC /* Person.m */; };
		26DA0CB722F30FEA00C066BC /* RPSTurn.m in Sources */ = {isa = PBXBuildFile; fileRef = 26DA0CB622F30FEA00C066BC /* RPSTurn.m */; };
		26DA0CBA22F313A400C066BC /* RPSGame.m in Sources */ = {isa = PBXBuildFile; fileRef = 26DA0CB922F313A400C066BC /* RPSGame.m */; };
		26DA0CBE22F31F5900C066BC /* Article.m in Sources */ = {isa = PBXBuildFile; fileRef = 26DA0CBD22F31F5900C066BC /* Article.m */; };
		26DA0CC522F3216800C066BC /* TopHeadlinesTableViewController.m in Sources */ = {isa = PBXBuildFile; fileRef = 26DA0CC422F3216800C066BC /* TopHeadlinesTableViewController.m */; };
		26DA0CE622F81EF200C066BC /* DataRepository.m in Sources */ = {isa = PBXBuildFile; fileRef = 26DA0CE522F81EF200C066BC /* DataRepository.m */; };
		26DA0CEB22F8270E00C066BC /* TopHeadlinesTableViewCell.m in Sources */ = {isa = PBXBuildFile; fileRef = 26DA0CE922F8270E00C066BC /* TopHeadlinesTableViewCell.m */; };
		26DA0CEC22F8270E00C066BC /* TopHeadlinesTableViewCell.xib in Resources */ = {isa = PBXBuildFile; fileRef = 26DA0CEA22F8270E00C066BC /* TopHeadlinesTableViewCell.xib */; };
		26DA0CEF22F8479400C066BC /* TopHeadlines.json in Resources */ = {isa = PBXBuildFile; fileRef = 26DA0CEE22F8479400C066BC /* TopHeadlines.json */; };
		26DA0CF322F84D0F00C066BC /* JSONParser.m in Sources */ = {isa = PBXBuildFile; fileRef = 26DA0CF222F84D0F00C066BC /* JSONParser.m */; };
		26DA0CF622F8793D00C066BC /* ArticleViewController.m in Sources */ = {isa = PBXBuildFile; fileRef = 26DA0CF522F8793D00C066BC /* ArticleViewController.m */; };
/* End PBXBuildFile section */

/* Begin PBXFileReference section */
		26DA0C8C22F2DA4F00C066BC /* ObjCGettingStarted.app */ = {isa = PBXFileReference; explicitFileType = wrapper.application; includeInIndex = 0; path = ObjCGettingStarted.app; sourceTree = BUILT_PRODUCTS_DIR; };
		26DA0C8F22F2DA4F00C066BC /* AppDelegate.h */ = {isa = PBXFileReference; lastKnownFileType = sourcecode.c.h; path = AppDelegate.h; sourceTree = "<group>"; };
		26DA0C9022F2DA4F00C066BC /* AppDelegate.m */ = {isa = PBXFileReference; lastKnownFileType = sourcecode.c.objc; path = AppDelegate.m; sourceTree = "<group>"; };
		26DA0C9622F2DA5000C066BC /* Base */ = {isa = PBXFileReference; lastKnownFileType = file.storyboard; name = Base; path = Base.lproj/Main.storyboard; sourceTree = "<group>"; };
		26DA0C9822F2DA5F00C066BC /* Assets.xcassets */ = {isa = PBXFileReference; lastKnownFileType = folder.assetcatalog; path = Assets.xcassets; sourceTree = "<group>"; };
		26DA0C9B22F2DA5F00C066BC /* Base */ = {isa = PBXFileReference; lastKnownFileType = file.storyboard; name = Base; path = Base.lproj/LaunchScreen.storyboard; sourceTree = "<group>"; };
		26DA0C9D22F2DA5F00C066BC /* Info.plist */ = {isa = PBXFileReference; lastKnownFileType = text.plist.xml; path = Info.plist; sourceTree = "<group>"; };
		26DA0C9E22F2DA5F00C066BC /* main.m */ = {isa = PBXFileReference; lastKnownFileType = sourcecode.c.objc; path = main.m; sourceTree = "<group>"; };
		26DA0CAE22F2E6C100C066BC /* Book.h */ = {isa = PBXFileReference; lastKnownFileType = sourcecode.c.h; path = Book.h; sourceTree = "<group>"; };
		26DA0CAF22F2E6C100C066BC /* Book.m */ = {isa = PBXFileReference; lastKnownFileType = sourcecode.c.objc; path = Book.m; sourceTree = "<group>"; };
		26DA0CB122F2E87700C066BC /* Person.h */ = {isa = PBXFileReference; lastKnownFileType = sourcecode.c.h; path = Person.h; sourceTree = "<group>"; };
		26DA0CB222F2E87700C066BC /* Person.m */ = {isa = PBXFileReference; lastKnownFileType = sourcecode.c.objc; path = Person.m; sourceTree = "<group>"; };
		26DA0CB522F30FEA00C066BC /* RPSTurn.h */ = {isa = PBXFileReference; lastKnownFileType = sourcecode.c.h; path = RPSTurn.h; sourceTree = "<group>"; };
		26DA0CB622F30FEA00C066BC /* RPSTurn.m */ = {isa = PBXFileReference; lastKnownFileType = sourcecode.c.objc; path = RPSTurn.m; sourceTree = "<group>"; };
		26DA0CB822F313A400C066BC /* RPSGame.h */ = {isa = PBXFileReference; lastKnownFileType = sourcecode.c.h; path = RPSGame.h; sourceTree = "<group>"; };
		26DA0CB922F313A400C066BC /* RPSGame.m */ = {isa = PBXFileReference; lastKnownFileType = sourcecode.c.objc; path = RPSGame.m; sourceTree = "<group>"; };
		26DA0CBC22F31F5900C066BC /* Article.h */ = {isa = PBXFileReference; lastKnownFileType = sourcecode.c.h; path = Article.h; sourceTree = "<group>"; };
		26DA0CBD22F31F5900C066BC /* Article.m */ = {isa = PBXFileReference; lastKnownFileType = sourcecode.c.objc; path = Article.m; sourceTree = "<group>"; };
		26DA0CC322F3216800C066BC /* TopHeadlinesTableViewController.h */ = {isa = PBXFileReference; fileEncoding = 4; lastKnownFileType = sourcecode.c.h; path = TopHeadlinesTableViewController.h; sourceTree = "<group>"; };
		26DA0CC422F3216800C066BC /* TopHeadlinesTableViewController.m */ = {isa = PBXFileReference; fileEncoding = 4; lastKnownFileType = sourcecode.c.objc; path = TopHeadlinesTableViewController.m; sourceTree = "<group>"; };
		26DA0CE422F81EF200C066BC /* DataRepository.h */ = {isa = PBXFileReference; lastKnownFileType = sourcecode.c.h; path = DataRepository.h; sourceTree = "<group>"; };
		26DA0CE522F81EF200C066BC /* DataRepository.m */ = {isa = PBXFileReference; lastKnownFileType = sourcecode.c.objc; path = DataRepository.m; sourceTree = "<group>"; };
		26DA0CE822F8270E00C066BC /* TopHeadlinesTableViewCell.h */ = {isa = PBXFileReference; lastKnownFileType = sourcecode.c.h; path = TopHeadlinesTableViewCell.h; sourceTree = "<group>"; };
		26DA0CE922F8270E00C066BC /* TopHeadlinesTableViewCell.m */ = {isa = PBXFileReference; lastKnownFileType = sourcecode.c.objc; path = TopHeadlinesTableViewCell.m; sourceTree = "<group>"; };
		26DA0CEA22F8270E00C066BC /* TopHeadlinesTableViewCell.xib */ = {isa = PBXFileReference; lastKnownFileType = file.xib; path = TopHeadlinesTableViewCell.xib; sourceTree = "<group>"; };
		26DA0CEE22F8479400C066BC /* TopHeadlines.json */ = {isa = PBXFileReference; lastKnownFileType = text.json; path = TopHeadlines.json; sourceTree = "<group>"; };
		26DA0CF122F84D0E00C066BC /* JSONParser.h */ = {isa = PBXFileReference; lastKnownFileType = sourcecode.c.h; path = JSONParser.h; sourceTree = "<group>"; };
		26DA0CF222F84D0F00C066BC /* JSONParser.m */ = {isa = PBXFileReference; lastKnownFileType = sourcecode.c.objc; path = JSONParser.m; sourceTree = "<group>"; };
		26DA0CF422F8793D00C066BC /* ArticleViewController.h */ = {isa = PBXFileReference; lastKnownFileType = sourcecode.c.h; path = ArticleViewController.h; sourceTree = "<group>"; };
		26DA0CF522F8793D00C066BC /* ArticleViewController.m */ = {isa = PBXFileReference; lastKnownFileType = sourcecode.c.objc; path = ArticleViewController.m; sourceTree = "<group>"; };
/* End PBXFileReference section */

/* Begin PBXFrameworksBuildPhase section */
		26DA0C8922F2DA4F00C066BC /* Frameworks */ = {
			isa = PBXFrameworksBuildPhase;
			buildActionMask = 2147483647;
			files = (
			);
			runOnlyForDeploymentPostprocessing = 0;
		};
/* End PBXFrameworksBuildPhase section */

/* Begin PBXGroup section */
		26DA0C8322F2DA4F00C066BC = {
			isa = PBXGroup;
			children = (
				26DA0C8E22F2DA4F00C066BC /* ObjCGettingStarted */,
				26DA0C8D22F2DA4F00C066BC /* Products */,
			);
			sourceTree = "<group>";
		};
		26DA0C8D22F2DA4F00C066BC /* Products */ = {
			isa = PBXGroup;
			children = (
				26DA0C8C22F2DA4F00C066BC /* ObjCGettingStarted.app */,
			);
			name = Products;
			sourceTree = "<group>";
		};
		26DA0C8E22F2DA4F00C066BC /* ObjCGettingStarted */ = {
			isa = PBXGroup;
			children = (
				26DA0CF022F847F600C066BC /* Repository */,
				26DA0CE722F826D400C066BC /* View */,
				26DA0CC222F3216800C066BC /* Controller */,
				26DA0CBB22F31F2700C066BC /* Model */,
				26DA0CB422F30EB100C066BC /* Udacity Files */,
				26DA0C9822F2DA5F00C066BC /* Assets.xcassets */,
				26DA0C9D22F2DA5F00C066BC /* Info.plist */,
				26DA0C9E22F2DA5F00C066BC /* main.m */,
			);
			path = ObjCGettingStarted;
			sourceTree = "<group>";
		};
		26DA0CB422F30EB100C066BC /* Udacity Files */ = {
			isa = PBXGroup;
			children = (
				26DA0CAE22F2E6C100C066BC /* Book.h */,
				26DA0CAF22F2E6C100C066BC /* Book.m */,
				26DA0CB122F2E87700C066BC /* Person.h */,
				26DA0CB222F2E87700C066BC /* Person.m */,
				26DA0CB522F30FEA00C066BC /* RPSTurn.h */,
				26DA0CB622F30FEA00C066BC /* RPSTurn.m */,
				26DA0CB822F313A400C066BC /* RPSGame.h */,
				26DA0CB922F313A400C066BC /* RPSGame.m */,
			);
			path = "Udacity Files";
			sourceTree = "<group>";
		};
		26DA0CBB22F31F2700C066BC /* Model */ = {
			isa = PBXGroup;
			children = (
				26DA0CBC22F31F5900C066BC /* Article.h */,
				26DA0CBD22F31F5900C066BC /* Article.m */,
			);
			path = Model;
			sourceTree = "<group>";
		};
		26DA0CC222F3216800C066BC /* Controller */ = {
			isa = PBXGroup;
			children = (
				26DA0C8F22F2DA4F00C066BC /* AppDelegate.h */,
				26DA0C9022F2DA4F00C066BC /* AppDelegate.m */,
				26DA0CC322F3216800C066BC /* TopHeadlinesTableViewController.h */,
				26DA0CC422F3216800C066BC /* TopHeadlinesTableViewController.m */,
				26DA0CF422F8793D00C066BC /* ArticleViewController.h */,
				26DA0CF522F8793D00C066BC /* ArticleViewController.m */,
			);
			path = Controller;
			sourceTree = "<group>";
		};
		26DA0CE722F826D400C066BC /* View */ = {
			isa = PBXGroup;
			children = (
				26DA0CED22F8271700C066BC /* TableView Cells */,
				26DA0C9522F2DA5000C066BC /* Main.storyboard */,
				26DA0C9A22F2DA5F00C066BC /* LaunchScreen.storyboard */,
			);
			path = View;
			sourceTree = "<group>";
		};
		26DA0CED22F8271700C066BC /* TableView Cells */ = {
			isa = PBXGroup;
			children = (
				26DA0CE822F8270E00C066BC /* TopHeadlinesTableViewCell.h */,
				26DA0CE922F8270E00C066BC /* TopHeadlinesTableViewCell.m */,
				26DA0CEA22F8270E00C066BC /* TopHeadlinesTableViewCell.xib */,
			);
			path = "TableView Cells";
			sourceTree = "<group>";
		};
		26DA0CF022F847F600C066BC /* Repository */ = {
			isa = PBXGroup;
			children = (
				26DA0CE422F81EF200C066BC /* DataRepository.h */,
				26DA0CE522F81EF200C066BC /* DataRepository.m */,
				26DA0CEE22F8479400C066BC /* TopHeadlines.json */,
				26DA0CF122F84D0E00C066BC /* JSONParser.h */,
				26DA0CF222F84D0F00C066BC /* JSONParser.m */,
			);
			path = Repository;
			sourceTree = "<group>";
		};
/* End PBXGroup section */

/* Begin PBXNativeTarget section */
		26DA0C8B22F2DA4F00C066BC /* ObjCGettingStarted */ = {
			isa = PBXNativeTarget;
			buildConfigurationList = 26DA0CA222F2DA5F00C066BC /* Build configuration list for PBXNativeTarget "ObjCGettingStarted" */;
			buildPhases = (
				26DA0C8822F2DA4F00C066BC /* Sources */,
				26DA0C8922F2DA4F00C066BC /* Frameworks */,
				26DA0C8A22F2DA4F00C066BC /* Resources */,
			);
			buildRules = (
			);
			dependencies = (
			);
			name = ObjCGettingStarted;
			productName = ObjCGettingStarted;
			productReference = 26DA0C8C22F2DA4F00C066BC /* ObjCGettingStarted.app */;
			productType = "com.apple.product-type.application";
		};
/* End PBXNativeTarget section */

/* Begin PBXProject section */
		26DA0C8422F2DA4F00C066BC /* Project object */ = {
			isa = PBXProject;
			attributes = {
				LastUpgradeCheck = 1030;
				ORGANIZATIONNAME = "Keenan Cookson";
				TargetAttributes = {
					26DA0C8B22F2DA4F00C066BC = {
						CreatedOnToolsVersion = 10.3;
					};
				};
			};
			buildConfigurationList = 26DA0C8722F2DA4F00C066BC /* Build configuration list for PBXProject "ObjCGettingStarted" */;
			compatibilityVersion = "Xcode 9.3";
			developmentRegion = en;
			hasScannedForEncodings = 0;
			knownRegions = (
				en,
				Base,
			);
			mainGroup = 26DA0C8322F2DA4F00C066BC;
			productRefGroup = 26DA0C8D22F2DA4F00C066BC /* Products */;
			projectDirPath = "";
			projectRoot = "";
			targets = (
				26DA0C8B22F2DA4F00C066BC /* ObjCGettingStarted */,
			);
		};
/* End PBXProject section */

/* Begin PBXResourcesBuildPhase section */
		26DA0C8A22F2DA4F00C066BC /* Resources */ = {
			isa = PBXResourcesBuildPhase;
			buildActionMask = 2147483647;
			files = (
				26DA0C9C22F2DA5F00C066BC /* LaunchScreen.storyboard in Resources */,
				26DA0CEC22F8270E00C066BC /* TopHeadlinesTableViewCell.xib in Resources */,
				26DA0C9922F2DA5F00C066BC /* Assets.xcassets in Resources */,
				26DA0C9722F2DA5000C066BC /* Main.storyboard in Resources */,
				26DA0CEF22F8479400C066BC /* TopHeadlines.json in Resources */,
			);
			runOnlyForDeploymentPostprocessing = 0;
		};
/* End PBXResourcesBuildPhase section */

/* Begin PBXSourcesBuildPhase section */
		26DA0C8822F2DA4F00C066BC /* Sources */ = {
			isa = PBXSourcesBuildPhase;
			buildActionMask = 2147483647;
			files = (
				26DA0CBE22F31F5900C066BC /* Article.m in Sources */,
				26DA0CE622F81EF200C066BC /* DataRepository.m in Sources */,
				26DA0CB022F2E6C100C066BC /* Book.m in Sources */,
				26DA0CEB22F8270E00C066BC /* TopHeadlinesTableViewCell.m in Sources */,
				26DA0CBA22F313A400C066BC /* RPSGame.m in Sources */,
				26DA0CF622F8793D00C066BC /* ArticleViewController.m in Sources */,
				26DA0CC522F3216800C066BC /* TopHeadlinesTableViewController.m in Sources */,
				26DA0CF322F84D0F00C066BC /* JSONParser.m in Sources */,
				26DA0CB722F30FEA00C066BC /* RPSTurn.m in Sources */,
				26DA0CB322F2E87700C066BC /* Person.m in Sources */,
				26DA0C9F22F2DA5F00C066BC /* main.m in Sources */,
				26DA0C9122F2DA4F00C066BC /* AppDelegate.m in Sources */,
			);
			runOnlyForDeploymentPostprocessing = 0;
		};
/* End PBXSourcesBuildPhase section */

/* Begin PBXVariantGroup section */
		26DA0C9522F2DA5000C066BC /* Main.storyboard */ = {
			isa = PBXVariantGroup;
			children = (
				26DA0C9622F2DA5000C066BC /* Base */,
			);
			name = Main.storyboard;
			sourceTree = "<group>";
		};
		26DA0C9A22F2DA5F00C066BC /* LaunchScreen.storyboard */ = {
			isa = PBXVariantGroup;
			children = (
				26DA0C9B22F2DA5F00C066BC /* Base */,
			);
			name = LaunchScreen.storyboard;
			sourceTree = "<group>";
		};
/* End PBXVariantGroup section */

/* Begin XCBuildConfiguration section */
		26DA0CA022F2DA5F00C066BC /* Debug */ = {
			isa = XCBuildConfiguration;
			buildSettings = {
				ALWAYS_SEARCH_USER_PATHS = NO;
				CLANG_ANALYZER_NONNULL = YES;
				CLANG_ANALYZER_NUMBER_OBJECT_CONVERSION = YES_AGGRESSIVE;
				CLANG_CXX_LANGUAGE_STANDARD = "gnu++14";
				CLANG_CXX_LIBRARY = "libc++";
				CLANG_ENABLE_MODULES = YES;
				CLANG_ENABLE_OBJC_ARC = YES;
				CLANG_ENABLE_OBJC_WEAK = YES;
				CLANG_WARN_BLOCK_CAPTURE_AUTORELEASING = YES;
				CLANG_WARN_BOOL_CONVERSION = YES;
				CLANG_WARN_COMMA = YES;
				CLANG_WARN_CONSTANT_CONVERSION = YES;
				CLANG_WARN_DEPRECATED_OBJC_IMPLEMENTATIONS = YES;
				CLANG_WARN_DIRECT_OBJC_ISA_USAGE = YES_ERROR;
				CLANG_WARN_DOCUMENTATION_COMMENTS = YES;
				CLANG_WARN_EMPTY_BODY = YES;
				CLANG_WARN_ENUM_CONVERSION = YES;
				CLANG_WARN_INFINITE_RECURSION = YES;
				CLANG_WARN_INT_CONVERSION = YES;
				CLANG_WARN_NON_LITERAL_NULL_CONVERSION = YES;
				CLANG_WARN_OBJC_IMPLICIT_RETAIN_SELF = YES;
				CLANG_WARN_OBJC_LITERAL_CONVERSION = YES;
				CLANG_WARN_OBJC_ROOT_CLASS = YES_ERROR;
				CLANG_WARN_RANGE_LOOP_ANALYSIS = YES;
				CLANG_WARN_STRICT_PROTOTYPES = YES;
				CLANG_WARN_SUSPICIOUS_MOVE = YES;
				CLANG_WARN_UNGUARDED_AVAILABILITY = YES_AGGRESSIVE;
				CLANG_WARN_UNREACHABLE_CODE = YES;
				CLANG_WARN__DUPLICATE_METHOD_MATCH = YES;
				CODE_SIGN_IDENTITY = "iPhone Developer";
				COPY_PHASE_STRIP = NO;
				DEBUG_INFORMATION_FORMAT = dwarf;
				ENABLE_STRICT_OBJC_MSGSEND = YES;
				ENABLE_TESTABILITY = YES;
				GCC_C_LANGUAGE_STANDARD = gnu11;
				GCC_DYNAMIC_NO_PIC = NO;
				GCC_NO_COMMON_BLOCKS = YES;
				GCC_OPTIMIZATION_LEVEL = 0;
				GCC_PREPROCESSOR_DEFINITIONS = (
					"DEBUG=1",
					"$(inherited)",
				);
				GCC_WARN_64_TO_32_BIT_CONVERSION = YES;
				GCC_WARN_ABOUT_RETURN_TYPE = YES_ERROR;
				GCC_WARN_UNDECLARED_SELECTOR = YES;
				GCC_WARN_UNINITIALIZED_AUTOS = YES_AGGRESSIVE;
				GCC_WARN_UNUSED_FUNCTION = YES;
				GCC_WARN_UNUSED_VARIABLE = YES;
				IPHONEOS_DEPLOYMENT_TARGET = 12.4;
				MTL_ENABLE_DEBUG_INFO = INCLUDE_SOURCE;
				MTL_FAST_MATH = YES;
				ONLY_ACTIVE_ARCH = YES;
				SDKROOT = iphoneos;
			};
			name = Debug;
		};
		26DA0CA122F2DA5F00C066BC /* Release */ = {
			isa = XCBuildConfiguration;
			buildSettings = {
				ALWAYS_SEARCH_USER_PATHS = NO;
				CLANG_ANALYZER_NONNULL = YES;
				CLANG_ANALYZER_NUMBER_OBJECT_CONVERSION = YES_AGGRESSIVE;
				CLANG_CXX_LANGUAGE_STANDARD = "gnu++14";
				CLANG_CXX_LIBRARY = "libc++";
				CLANG_ENABLE_MODULES = YES;
				CLANG_ENABLE_OBJC_ARC = YES;
				CLANG_ENABLE_OBJC_WEAK = YES;
				CLANG_WARN_BLOCK_CAPTURE_AUTORELEASING = YES;
				CLANG_WARN_BOOL_CONVERSION = YES;
				CLANG_WARN_COMMA = YES;
				CLANG_WARN_CONSTANT_CONVERSION = YES;
				CLANG_WARN_DEPRECATED_OBJC_IMPLEMENTATIONS = YES;
				CLANG_WARN_DIRECT_OBJC_ISA_USAGE = YES_ERROR;
				CLANG_WARN_DOCUMENTATION_COMMENTS = YES;
				CLANG_WARN_EMPTY_BODY = YES;
				CLANG_WARN_ENUM_CONVERSION = YES;
				CLANG_WARN_INFINITE_RECURSION = YES;
				CLANG_WARN_INT_CONVERSION = YES;
				CLANG_WARN_NON_LITERAL_NULL_CONVERSION = YES;
				CLANG_WARN_OBJC_IMPLICIT_RETAIN_SELF = YES;
				CLANG_WARN_OBJC_LITERAL_CONVERSION = YES;
				CLANG_WARN_OBJC_ROOT_CLASS = YES_ERROR;
				CLANG_WARN_RANGE_LOOP_ANALYSIS = YES;
				CLANG_WARN_STRICT_PROTOTYPES = YES;
				CLANG_WARN_SUSPICIOUS_MOVE = YES;
				CLANG_WARN_UNGUARDED_AVAILABILITY = YES_AGGRESSIVE;
				CLANG_WARN_UNREACHABLE_CODE = YES;
				CLANG_WARN__DUPLICATE_METHOD_MATCH = YES;
				CODE_SIGN_IDENTITY = "iPhone Developer";
				COPY_PHASE_STRIP = NO;
				DEBUG_INFORMATION_FORMAT = "dwarf-with-dsym";
				ENABLE_NS_ASSERTIONS = NO;
				ENABLE_STRICT_OBJC_MSGSEND = YES;
				GCC_C_LANGUAGE_STANDARD = gnu11;
				GCC_NO_COMMON_BLOCKS = YES;
				GCC_WARN_64_TO_32_BIT_CONVERSION = YES;
				GCC_WARN_ABOUT_RETURN_TYPE = YES_ERROR;
				GCC_WARN_UNDECLARED_SELECTOR = YES;
				GCC_WARN_UNINITIALIZED_AUTOS = YES_AGGRESSIVE;
				GCC_WARN_UNUSED_FUNCTION = YES;
				GCC_WARN_UNUSED_VARIABLE = YES;
				IPHONEOS_DEPLOYMENT_TARGET = 12.4;
				MTL_ENABLE_DEBUG_INFO = NO;
				MTL_FAST_MATH = YES;
				SDKROOT = iphoneos;
				VALIDATE_PRODUCT = YES;
			};
			name = Release;
		};
		26DA0CA322F2DA5F00C066BC /* Debug */ = {
			isa = XCBuildConfiguration;
			buildSettings = {
				ASSETCATALOG_COMPILER_APPICON_NAME = AppIcon;
				CODE_SIGN_STYLE = Automatic;
				DEVELOPMENT_TEAM = 77QDD2BL7Y;
				INFOPLIST_FILE = ObjCGettingStarted/Info.plist;
				LD_RUNPATH_SEARCH_PATHS = (
					"$(inherited)",
					"@executable_path/Frameworks",
				);
				PRODUCT_BUNDLE_IDENTIFIER = com.keenancookson.ObjCGettingStarted;
				PRODUCT_NAME = "$(TARGET_NAME)";
				TARGETED_DEVICE_FAMILY = "1,2";
			};
			name = Debug;
		};
		26DA0CA422F2DA5F00C066BC /* Release */ = {
			isa = XCBuildConfiguration;
			buildSettings = {
				ASSETCATALOG_COMPILER_APPICON_NAME = AppIcon;
				CODE_SIGN_STYLE = Automatic;
				DEVELOPMENT_TEAM = 77QDD2BL7Y;
				INFOPLIST_FILE = ObjCGettingStarted/Info.plist;
				LD_RUNPATH_SEARCH_PATHS = (
					"$(inherited)",
					"@executable_path/Frameworks",
				);
				PRODUCT_BUNDLE_IDENTIFIER = com.keenancookson.ObjCGettingStarted;
				PRODUCT_NAME = "$(TARGET_NAME)";
				TARGETED_DEVICE_FAMILY = "1,2";
			};
			name = Release;
		};
/* End XCBuildConfiguration section */

/* Begin XCConfigurationList section */
		26DA0C8722F2DA4F00C066BC /* Build configuration list for PBXProject "ObjCGettingStarted" */ = {
			isa = XCConfigurationList;
			buildConfigurations = (
				26DA0CA022F2DA5F00C066BC /* Debug */,
				26DA0CA122F2DA5F00C066BC /* Release */,
			);
			defaultConfigurationIsVisible = 0;
			defaultConfigurationName = Release;
		};
		26DA0CA222F2DA5F00C066BC /* Build configuration list for PBXNativeTarget "ObjCGettingStarted" */ = {
			isa = XCConfigurationList;
			buildConfigurations = (
				26DA0CA322F2DA5F00C066BC /* Debug */,
				26DA0CA422F2DA5F00C066BC /* Release */,
			);
			defaultConfigurationIsVisible = 0;
			defaultConfigurationName = Release;
		};
/* End XCConfigurationList section */
	};
	rootObject = 26DA0C8422F2DA4F00C066BC /* Project object */;
}
